Microsoft Visual Studio Solution File, Format Version 12.00
# Visual Studio Version 17
VisualStudioVersion = 17.0.31903.59
MinimumVisualStudioVersion = 10.0.40219.1
Project("{9A19103F-16F7-4668-BE54-9A1E7A4F7556}") = "BlueButtons", "BlueButtons\BlueButtons.csproj", "{BD690D95-C72D-4517-B163-3320BC766855}"
EndProject
Project("{9A19103F-16F7-4668-BE54-9A1E7A4F7556}") = "BlueButtonsLib", "BlueButtonsLib\BlueButtonsLib.csproj", "{0F666DAE-29D6-4007-BF11-F821ADA8EBB4}"
EndProject
Global
	GlobalSection(SolutionConfigurationPlatforms) = preSolution
		Debug|Any CPU = Debug|Any CPU
		Release|Any CPU = Release|Any CPU
	EndGlobalSection
	GlobalSection(ProjectConfigurationPlatforms) = postSolution
		{BD690D95-C72D-4517-B163-3320BC766855}.Debug|Any CPU.ActiveCfg = Debug|Any CPU
		{BD690D95-C72D-4517-B163-3320BC766855}.Debug|Any CPU.Build.0 = Debug|Any CPU
		{BD690D95-C72D-4517-B163-3320BC766855}.Debug|Any CPU.Deploy.0 = Debug|Any CPU
		{BD690D95-C72D-4517-B163-3320BC766855}.Release|Any CPU.ActiveCfg = Release|Any CPU
		{BD690D95-C72D-4517-B163-3320BC766855}.Release|Any CPU.Build.0 = Release|Any CPU
		{0F666DAE-29D6-4007-BF11-F821ADA8EBB4}.Debug|Any CPU.ActiveCfg = Debug|Any CPU
		{0F666DAE-29D6-4007-BF11-F821ADA8EBB4}.Debug|Any CPU.Build.0 = Debug|Any CPU
		{0F666DAE-29D6-4007-BF11-F821ADA8EBB4}.Release|Any CPU.ActiveCfg = Release|Any CPU
		{0F666DAE-29D6-4007-BF11-F821ADA8EBB4}.Release|Any CPU.Build.0 = Release|Any CPU
	EndGlobalSection
	GlobalSection(SolutionProperties) = preSolution
		HideSolutionNode = FALSE
	EndGlobalSection
	GlobalSection(ExtensibilityGlobals) = postSolution
		SolutionGuid = {F1E2D3C4-B5A6-47C8-9D0E-1F2E3D4C5B6A}
	EndGlobalSection
EndGlobal
